
Microsoft Visual Studio Solution File, Format Version 12.00
# Visual Studio Version 16
VisualStudioVersion = 16.0.29709.97
MinimumVisualStudioVersion = 10.0.40219.1
Project("{FAE04EC0-301F-11D3-BF4B-00C04F79EFBC}") = "WebApplication1", "WebApplication1\WebApplication1.csproj", "{3096CD38-6F91-4596-B49C-A46B8F00DF13}"
EndProject
Global
	GlobalSection(SolutionConfigurationPlatforms) = preSolution
		Debug|Any CPU = Debug|Any CPU
		Release|Any CPU = Release|Any CPU
	EndGlobalSection
	GlobalSection(ProjectConfigurationPlatforms) = postSolution
		{3096CD38-6F91-4596-B49C-A46B8F00DF13}.Debug|Any CPU.ActiveCfg = Debug|Any CPU
		{3096CD38-6F91-4596-B49C-A46B8F00DF13}.Debug|Any CPU.Build.0 = Debug|Any CPU
		{3096CD38-6F91-4596-B49C-A46B8F00DF13}.Release|Any CPU.ActiveCfg = Release|Any CPU
		{3096CD38-6F91-4596-B49C-A46B8F00DF13}.Release|Any CPU.Build.0 = Release|Any CPU
	EndGlobalSection
	GlobalSection(SolutionProperties) = preSolution
		HideSolutionNode = FALSE
	EndGlobalSection
	GlobalSection(ExtensibilityGlobals) = postSolution
		SolutionGuid = {9612C6D9-77CB-463D-B6E9-A2484C9A2FC2}
	EndGlobalSection
EndGlobal
